<Solution>
  <Folder Name="/Modules/">
    <Project Path="src/AnimalShelter.Module.Animals/AnimalShelter.Module.Animals.csproj" Id="23f06682-ccbe-4406-a82c-2d0c15a032d3" />
    <Project Path="src/AnimalShelter.Module.Files/AnimalShelter.Module.Files.csproj" Id="05a98647-9e61-41a5-9997-a51b806f4450" />
  </Folder>
  <Folder Name="/Элементы решения/">
    <File Path="src/docker-compose.yml" />
  </Folder>
  <Project Path="src/AnimalShelter.Common/AnimalShelter.Common.csproj" Id="04ce5788-b534-4668-9123-437809cdd75f" />
  <Project Path="src/AnimalShelter.Host/AnimalShelter.Host.csproj" Id="f145b4e1-ce20-42ac-a4d7-dee9e7f5b355" />
</Solution>
